
Microsoft Visual Studio Solution File, Format Version 12.00
# Visual Studio Version 17
VisualStudioVersion = 17.7.34024.191
MinimumVisualStudioVersion = 10.0.40219.1
Project("{FAE04EC0-301F-11D3-BF4B-00C04F79EFBC}") = "6_do_while_cikli-2", "6_do_while_cikli-2\6_do_while_cikli-2.csproj", "{EF4DF52B-D474-4CEF-9BBA-6129F483C22F}"
EndProject
Global
	GlobalSection(SolutionConfigurationPlatforms) = preSolution
		Debug|Any CPU = Debug|Any CPU
		Release|Any CPU = Release|Any CPU
	EndGlobalSection
	GlobalSection(ProjectConfigurationPlatforms) = postSolution
		{EF4DF52B-D474-4CEF-9BBA-6129F483C22F}.Debug|Any CPU.ActiveCfg = Debug|Any CPU
		{EF4DF52B-D474-4CEF-9BBA-6129F483C22F}.Debug|Any CPU.Build.0 = Debug|Any CPU
		{EF4DF52B-D474-4CEF-9BBA-6129F483C22F}.Release|Any CPU.ActiveCfg = Release|Any CPU
		{EF4DF52B-D474-4CEF-9BBA-6129F483C22F}.Release|Any CPU.Build.0 = Release|Any CPU
	EndGlobalSection
	GlobalSection(SolutionProperties) = preSolution
		HideSolutionNode = FALSE
	EndGlobalSection
	GlobalSection(ExtensibilityGlobals) = postSolution
		SolutionGuid = {91F2F9D8-317E-45A2-AA80-68CBC1A05213}
	EndGlobalSection
EndGlobal
